
Microsoft Visual Studio Solution File, Format Version 12.00
# Visual Studio 15
VisualStudioVersion = 15.0.28010.2019
MinimumVisualStudioVersion = 10.0.40219.1
Project("{FAE04EC0-301F-11D3-BF4B-00C04F79EFBC}") = "TestWebAPI", "TestWebAPI\TestWebAPI.csproj", "{84472FC6-EE8C-4C3B-AC65-6C7FEF45443A}"
EndProject
Project("{FAE04EC0-301F-11D3-BF4B-00C04F79EFBC}") = "DataProject", "DataProject\DataProject.csproj", "{AFEEB4A0-D10D-4E39-8569-FEA13A741FB2}"
EndProject
Global
	GlobalSection(SolutionConfigurationPlatforms) = preSolution
		Debug|Any CPU = Debug|Any CPU
		Release|Any CPU = Release|Any CPU
	EndGlobalSection
	GlobalSection(ProjectConfigurationPlatforms) = postSolution
		{84472FC6-EE8C-4C3B-AC65-6C7FEF45443A}.Debug|Any CPU.ActiveCfg = Debug|Any CPU
		{84472FC6-EE8C-4C3B-AC65-6C7FEF45443A}.Debug|Any CPU.Build.0 = Debug|Any CPU
		{84472FC6-EE8C-4C3B-AC65-6C7FEF45443A}.Release|Any CPU.ActiveCfg = Release|Any CPU
		{84472FC6-EE8C-4C3B-AC65-6C7FEF45443A}.Release|Any CPU.Build.0 = Release|Any CPU
		{AFEEB4A0-D10D-4E39-8569-FEA13A741FB2}.Debug|Any CPU.ActiveCfg = Debug|Any CPU
		{AFEEB4A0-D10D-4E39-8569-FEA13A741FB2}.Debug|Any CPU.Build.0 = Debug|Any CPU
		{AFEEB4A0-D10D-4E39-8569-FEA13A741FB2}.Release|Any CPU.ActiveCfg = Release|Any CPU
		{AFEEB4A0-D10D-4E39-8569-FEA13A741FB2}.Release|Any CPU.Build.0 = Release|Any CPU
	EndGlobalSection
	GlobalSection(SolutionProperties) = preSolution
		HideSolutionNode = FALSE
	EndGlobalSection
	GlobalSection(ExtensibilityGlobals) = postSolution
		SolutionGuid = {C9124771-8127-4050-95E6-02280494CA50}
	EndGlobalSection
EndGlobal
